Microsoft Visual Studio Solution File, Format Version 12.00
# Visual Studio Version 17
VisualStudioVersion = 17.5.2.0
MinimumVisualStudioVersion = 10.0.40219.1
Project("{FAE04EC0-301F-11D3-BF4B-00C04F79EFBC}") = "Odev24_Book", "Odev24_Book.csproj", "{4BCC0D03-4C0F-5AB4-353F-B21A3B412AA5}"
EndProject
Global
	GlobalSection(SolutionConfigurationPlatforms) = preSolution
		Debug|Any CPU = Debug|Any CPU
		Release|Any CPU = Release|Any CPU
	EndGlobalSection
	GlobalSection(ProjectConfigurationPlatforms) = postSolution
		{4BCC0D03-4C0F-5AB4-353F-B21A3B412AA5}.Debug|Any CPU.ActiveCfg = Debug|Any CPU
		{4BCC0D03-4C0F-5AB4-353F-B21A3B412AA5}.Debug|Any CPU.Build.0 = Debug|Any CPU
		{4BCC0D03-4C0F-5AB4-353F-B21A3B412AA5}.Release|Any CPU.ActiveCfg = Release|Any CPU
		{4BCC0D03-4C0F-5AB4-353F-B21A3B412AA5}.Release|Any CPU.Build.0 = Release|Any CPU
	EndGlobalSection
	GlobalSection(SolutionProperties) = preSolution
		HideSolutionNode = FALSE
	EndGlobalSection
	GlobalSection(ExtensibilityGlobals) = postSolution
		SolutionGuid = {01100C2B-B11D-4056-BF66-488120298C92}
	EndGlobalSection
EndGlobal
