Microsoft Visual Studio Solution File, Format Version 12.00
# Visual Studio Version 17
VisualStudioVersion = 17.5.2.0
MinimumVisualStudioVersion = 10.0.40219.1
Project("{FAE04EC0-301F-11D3-BF4B-00C04F79EFBC}") = "Odev31_CoffeeOrder", "Odev31_CoffeeOrder.csproj", "{DDD836E0-C1FA-AB98-6317-910AC627AE6B}"
EndProject
Global
	GlobalSection(SolutionConfigurationPlatforms) = preSolution
		Debug|Any CPU = Debug|Any CPU
		Release|Any CPU = Release|Any CPU
	EndGlobalSection
	GlobalSection(ProjectConfigurationPlatforms) = postSolution
		{DDD836E0-C1FA-AB98-6317-910AC627AE6B}.Debug|Any CPU.ActiveCfg = Debug|Any CPU
		{DDD836E0-C1FA-AB98-6317-910AC627AE6B}.Debug|Any CPU.Build.0 = Debug|Any CPU
		{DDD836E0-C1FA-AB98-6317-910AC627AE6B}.Release|Any CPU.ActiveCfg = Release|Any CPU
		{DDD836E0-C1FA-AB98-6317-910AC627AE6B}.Release|Any CPU.Build.0 = Release|Any CPU
	EndGlobalSection
	GlobalSection(SolutionProperties) = preSolution
		HideSolutionNode = FALSE
	EndGlobalSection
	GlobalSection(ExtensibilityGlobals) = postSolution
		SolutionGuid = {F0B583A4-59C2-4BB9-B5E3-75072CB49C31}
	EndGlobalSection
EndGlobal
