Microsoft Visual Studio Solution File, Format Version 12.00
# Visual Studio Version 17
VisualStudioVersion = 17.5.2.0
MinimumVisualStudioVersion = 10.0.40219.1
Project("{FAE04EC0-301F-11D3-BF4B-00C04F79EFBC}") = "Odev22_Product", "Odev22_Product.csproj", "{B0B6B403-F5A8-6FF3-E691-D05C1D7D6742}"
EndProject
Global
	GlobalSection(SolutionConfigurationPlatforms) = preSolution
		Debug|Any CPU = Debug|Any CPU
		Release|Any CPU = Release|Any CPU
	EndGlobalSection
	GlobalSection(ProjectConfigurationPlatforms) = postSolution
		{B0B6B403-F5A8-6FF3-E691-D05C1D7D6742}.Debug|Any CPU.ActiveCfg = Debug|Any CPU
		{B0B6B403-F5A8-6FF3-E691-D05C1D7D6742}.Debug|Any CPU.Build.0 = Debug|Any CPU
		{B0B6B403-F5A8-6FF3-E691-D05C1D7D6742}.Release|Any CPU.ActiveCfg = Release|Any CPU
		{B0B6B403-F5A8-6FF3-E691-D05C1D7D6742}.Release|Any CPU.Build.0 = Release|Any CPU
	EndGlobalSection
	GlobalSection(SolutionProperties) = preSolution
		HideSolutionNode = FALSE
	EndGlobalSection
	GlobalSection(ExtensibilityGlobals) = postSolution
		SolutionGuid = {6F3647DE-7658-46B3-959D-6F3427E1F84D}
	EndGlobalSection
EndGlobal
