Microsoft Visual Studio Solution File, Format Version 12.00
# Visual Studio Version 17
VisualStudioVersion = 17.5.2.0
MinimumVisualStudioVersion = 10.0.40219.1
Project("{FAE04EC0-301F-11D3-BF4B-00C04F79EFBC}") = "Odev28_Apartment", "Odev28_Apartment.csproj", "{D7B91201-5011-A4C4-24B3-CA196C60E408}"
EndProject
Global
	GlobalSection(SolutionConfigurationPlatforms) = preSolution
		Debug|Any CPU = Debug|Any CPU
		Release|Any CPU = Release|Any CPU
	EndGlobalSection
	GlobalSection(ProjectConfigurationPlatforms) = postSolution
		{D7B91201-5011-A4C4-24B3-CA196C60E408}.Debug|Any CPU.ActiveCfg = Debug|Any CPU
		{D7B91201-5011-A4C4-24B3-CA196C60E408}.Debug|Any CPU.Build.0 = Debug|Any CPU
		{D7B91201-5011-A4C4-24B3-CA196C60E408}.Release|Any CPU.ActiveCfg = Release|Any CPU
		{D7B91201-5011-A4C4-24B3-CA196C60E408}.Release|Any CPU.Build.0 = Release|Any CPU
	EndGlobalSection
	GlobalSection(SolutionProperties) = preSolution
		HideSolutionNode = FALSE
	EndGlobalSection
	GlobalSection(ExtensibilityGlobals) = postSolution
		SolutionGuid = {B5A429AD-53F0-49A2-861C-5E59CE40AD85}
	EndGlobalSection
EndGlobal
